{
  "requires": true,
  "lockfileVersion": 1,
  "dependencies": {
    "async": {
      "version": "3.1.0",
      "resolved": "https://registry.npmjs.org/async/-/async-3.1.0.tgz",
      "integrity": "sha512-4vx/aaY6j/j3Lw3fbCHNWP0pPaTCew3F6F3hYyl/tHs/ndmV1q7NW9T5yuJ2XAGwdQrP+6Wu20x06U4APo/iQQ=="
    },
    "lodash": {
      "version": "4.17.15",
      "resolved": "https://registry.npmjs.org/lodash/-/lodash-4.17.15.tgz",
      "integrity": "sha512-8xOcRHvCjnocdS5cpwXQXVzmmh5e5+saE2QGoeQmbKmRS6J3VQppPOIt0MnmE+4xlZoumy0GPG0D0MVIQbNA1A=="
    },
    "node-wifi-scanner": {
      "version": "1.1.2-np",
      "resolved": "https://registry.npmjs.org/node-wifi-scanner/-/node-wifi-scanner-1.1.2-np.tgz",
      "integrity": "sha512-DVLXWY13Pme+72oRP1SCbH5GzBVdry6KxE97+Co/cOeONdSoSBOMeuZsG9ILpcSCFr7Ks9JxC1VWkCnLYrH/IA==",
      "requires": {
        "async": "3.1.0",
        "lodash": "4.17.15"
      }
    }
  }
}
